
Microsoft Visual Studio Solution File, Format Version 12.00
# Visual Studio Version 17
VisualStudioVersion = 17.8.34309.116
MinimumVisualStudioVersion = 10.0.40219.1
Project("{FAE04EC0-301F-11D3-BF4B-00C04F79EFBC}") = "WebAPIDemo", "WebAPIDemo.csproj", "{B531F444-EFE4-46D9-B1B8-F713B7EF0D27}"
EndProject
Project("{FAE04EC0-301F-11D3-BF4B-00C04F79EFBC}") = "WebApiDemo.Test", "..\WebApiDemo.Test\WebApiDemo.Test.csproj", "{3699BBED-24A2-413D-9297-1B160D284F1E}"
EndProject
Global
	GlobalSection(SolutionConfigurationPlatforms) = preSolution
		Debug|Any CPU = Debug|Any CPU
		Release|Any CPU = Release|Any CPU
	EndGlobalSection
	GlobalSection(ProjectConfigurationPlatforms) = postSolution
		{B531F444-EFE4-46D9-B1B8-F713B7EF0D27}.Debug|Any CPU.ActiveCfg = Debug|Any CPU
		{B531F444-EFE4-46D9-B1B8-F713B7EF0D27}.Debug|Any CPU.Build.0 = Debug|Any CPU
		{B531F444-EFE4-46D9-B1B8-F713B7EF0D27}.Release|Any CPU.ActiveCfg = Release|Any CPU
		{B531F444-EFE4-46D9-B1B8-F713B7EF0D27}.Release|Any CPU.Build.0 = Release|Any CPU
		{3699BBED-24A2-413D-9297-1B160D284F1E}.Debug|Any CPU.ActiveCfg = Debug|Any CPU
		{3699BBED-24A2-413D-9297-1B160D284F1E}.Debug|Any CPU.Build.0 = Debug|Any CPU
		{3699BBED-24A2-413D-9297-1B160D284F1E}.Release|Any CPU.ActiveCfg = Release|Any CPU
		{3699BBED-24A2-413D-9297-1B160D284F1E}.Release|Any CPU.Build.0 = Release|Any CPU
	EndGlobalSection
	GlobalSection(SolutionProperties) = preSolution
		HideSolutionNode = FALSE
	EndGlobalSection
	GlobalSection(ExtensibilityGlobals) = postSolution
		SolutionGuid = {3A41579B-E97E-46F3-BA2F-1759093FBBE3}
	EndGlobalSection
EndGlobal
